
Microsoft Visual Studio Solution File, Format Version 12.00
# Visual Studio Version 17
VisualStudioVersion = 17.10.35013.160
MinimumVisualStudioVersion = 10.0.40219.1
Project("{FAE04EC0-301F-11D3-BF4B-00C04F79EFBC}") = "Raiden.Networking", "Raiden.Networking\Raiden.Networking.csproj", "{10892A65-13CE-402A-A4E5-5E7ED91FF945}"
EndProject
Global
	GlobalSection(SolutionConfigurationPlatforms) = preSolution
		Debug|Any CPU = Debug|Any CPU
		Release|Any CPU = Release|Any CPU
	EndGlobalSection
	GlobalSection(ProjectConfigurationPlatforms) = postSolution
		{10892A65-13CE-402A-A4E5-5E7ED91FF945}.Debug|Any CPU.ActiveCfg = Debug|Any CPU
		{10892A65-13CE-402A-A4E5-5E7ED91FF945}.Debug|Any CPU.Build.0 = Debug|Any CPU
		{10892A65-13CE-402A-A4E5-5E7ED91FF945}.Release|Any CPU.ActiveCfg = Release|Any CPU
		{10892A65-13CE-402A-A4E5-5E7ED91FF945}.Release|Any CPU.Build.0 = Release|Any CPU
	EndGlobalSection
	GlobalSection(SolutionProperties) = preSolution
		HideSolutionNode = FALSE
	EndGlobalSection
	GlobalSection(ExtensibilityGlobals) = postSolution
		SolutionGuid = {AB48C893-FE73-4D99-B38C-30AE59FCB3F2}
	EndGlobalSection
EndGlobal
